
Microsoft Visual Studio Solution File, Format Version 12.00
# Visual Studio Version 17
VisualStudioVersion = 17.5.33516.290
MinimumVisualStudioVersion = 10.0.40219.1
Project("{FAE04EC0-301F-11D3-BF4B-00C04F79EFBC}") = "TELA", "TELA.csproj", "{F6FEA4B7-FDE3-4B70-90C6-8C9E2CC31A90}"
EndProject
Global
	GlobalSection(SolutionConfigurationPlatforms) = preSolution
		Debug|Any CPU = Debug|Any CPU
		Release|Any CPU = Release|Any CPU
	EndGlobalSection
	GlobalSection(ProjectConfigurationPlatforms) = postSolution
		{F6FEA4B7-FDE3-4B70-90C6-8C9E2CC31A90}.Debug|Any CPU.ActiveCfg = Debug|Any CPU
		{F6FEA4B7-FDE3-4B70-90C6-8C9E2CC31A90}.Debug|Any CPU.Build.0 = Debug|Any CPU
		{F6FEA4B7-FDE3-4B70-90C6-8C9E2CC31A90}.Release|Any CPU.ActiveCfg = Release|Any CPU
		{F6FEA4B7-FDE3-4B70-90C6-8C9E2CC31A90}.Release|Any CPU.Build.0 = Release|Any CPU
	EndGlobalSection
	GlobalSection(SolutionProperties) = preSolution
		HideSolutionNode = FALSE
	EndGlobalSection
	GlobalSection(ExtensibilityGlobals) = postSolution
		SolutionGuid = {A2F049F3-2797-44A4-ADE3-4D15F56B2EB6}
	EndGlobalSection
EndGlobal
